
Microsoft Visual Studio Solution File, Format Version 12.00
# Visual Studio Version 17
VisualStudioVersion = 17.4.33213.308
MinimumVisualStudioVersion = 10.0.40219.1
Project("{FAE04EC0-301F-11D3-BF4B-00C04F79EFBC}") = "sistema-gestao-estudantes", "sistema-gestao-estudantes.csproj", "{ADD18216-6766-45C4-93ED-3B8D6EC33F0C}"
EndProject
Global
	GlobalSection(SolutionConfigurationPlatforms) = preSolution
		Debug|Any CPU = Debug|Any CPU
		Release|Any CPU = Release|Any CPU
	EndGlobalSection
	GlobalSection(ProjectConfigurationPlatforms) = postSolution
		{ADD18216-6766-45C4-93ED-3B8D6EC33F0C}.Debug|Any CPU.ActiveCfg = Debug|Any CPU
		{ADD18216-6766-45C4-93ED-3B8D6EC33F0C}.Debug|Any CPU.Build.0 = Debug|Any CPU
		{ADD18216-6766-45C4-93ED-3B8D6EC33F0C}.Release|Any CPU.ActiveCfg = Release|Any CPU
		{ADD18216-6766-45C4-93ED-3B8D6EC33F0C}.Release|Any CPU.Build.0 = Release|Any CPU
	EndGlobalSection
	GlobalSection(SolutionProperties) = preSolution
		HideSolutionNode = FALSE
	EndGlobalSection
	GlobalSection(ExtensibilityGlobals) = postSolution
		SolutionGuid = {EFFA3AB9-AB1A-465D-BE7A-6090F9BAD04B}
	EndGlobalSection
EndGlobal
